
Microsoft Visual Studio Solution File, Format Version 12.00
# Visual Studio 15
VisualStudioVersion = 15.0.27703.2035
MinimumVisualStudioVersion = 10.0.40219.1
Project("{FAE04EC0-301F-11D3-BF4B-00C04F79EFBC}") = "FizzBuzzTree", "FizzBuzzTree\FizzBuzzTree.csproj", "{A9E7349C-81A1-4005-B605-A780038988D2}"
EndProject
Project("{FAE04EC0-301F-11D3-BF4B-00C04F79EFBC}") = "FizzBuzzTreeTests", "FizzBuzzTreeTests\FizzBuzzTreeTests.csproj", "{3EA4E880-8754-4AED-940E-C32F9CD61BD9}"
EndProject
Global
	GlobalSection(SolutionConfigurationPlatforms) = preSolution
		Debug|Any CPU = Debug|Any CPU
		Release|Any CPU = Release|Any CPU
	EndGlobalSection
	GlobalSection(ProjectConfigurationPlatforms) = postSolution
		{A9E7349C-81A1-4005-B605-A780038988D2}.Debug|Any CPU.ActiveCfg = Debug|Any CPU
		{A9E7349C-81A1-4005-B605-A780038988D2}.Debug|Any CPU.Build.0 = Debug|Any CPU
		{A9E7349C-81A1-4005-B605-A780038988D2}.Release|Any CPU.ActiveCfg = Release|Any CPU
		{A9E7349C-81A1-4005-B605-A780038988D2}.Release|Any CPU.Build.0 = Release|Any CPU
		{3EA4E880-8754-4AED-940E-C32F9CD61BD9}.Debug|Any CPU.ActiveCfg = Debug|Any CPU
		{3EA4E880-8754-4AED-940E-C32F9CD61BD9}.Debug|Any CPU.Build.0 = Debug|Any CPU
		{3EA4E880-8754-4AED-940E-C32F9CD61BD9}.Release|Any CPU.ActiveCfg = Release|Any CPU
		{3EA4E880-8754-4AED-940E-C32F9CD61BD9}.Release|Any CPU.Build.0 = Release|Any CPU
	EndGlobalSection
	GlobalSection(SolutionProperties) = preSolution
		HideSolutionNode = FALSE
	EndGlobalSection
	GlobalSection(ExtensibilityGlobals) = postSolution
		SolutionGuid = {10E68DD9-C1EB-4D49-BF6C-B3BB4CC90592}
	EndGlobalSection
EndGlobal
