
Microsoft Visual Studio Solution File, Format Version 12.00
# Visual Studio 15
VisualStudioVersion = 15.0.27703.2026
MinimumVisualStudioVersion = 10.0.40219.1
Project("{9A19103F-16F7-4668-BE54-9A1E7A4F7556}") = "LinkedLists", "LinkedLists\LinkedLists.csproj", "{42D3132F-C2D6-4DD7-8AF3-71D40B826374}"
EndProject
Project("{9A19103F-16F7-4668-BE54-9A1E7A4F7556}") = "MyLinkedListTest", "MyLinkedListTest\MyLinkedListTest.csproj", "{EE45F1BB-D346-47AF-865E-7C0EF2B7D5CB}"
EndProject
Global
	GlobalSection(SolutionConfigurationPlatforms) = preSolution
		Debug|Any CPU = Debug|Any CPU
		Release|Any CPU = Release|Any CPU
	EndGlobalSection
	GlobalSection(ProjectConfigurationPlatforms) = postSolution
		{42D3132F-C2D6-4DD7-8AF3-71D40B826374}.Debug|Any CPU.ActiveCfg = Debug|Any CPU
		{42D3132F-C2D6-4DD7-8AF3-71D40B826374}.Debug|Any CPU.Build.0 = Debug|Any CPU
		{42D3132F-C2D6-4DD7-8AF3-71D40B826374}.Release|Any CPU.ActiveCfg = Release|Any CPU
		{42D3132F-C2D6-4DD7-8AF3-71D40B826374}.Release|Any CPU.Build.0 = Release|Any CPU
		{EE45F1BB-D346-47AF-865E-7C0EF2B7D5CB}.Debug|Any CPU.ActiveCfg = Debug|Any CPU
		{EE45F1BB-D346-47AF-865E-7C0EF2B7D5CB}.Debug|Any CPU.Build.0 = Debug|Any CPU
		{EE45F1BB-D346-47AF-865E-7C0EF2B7D5CB}.Release|Any CPU.ActiveCfg = Release|Any CPU
		{EE45F1BB-D346-47AF-865E-7C0EF2B7D5CB}.Release|Any CPU.Build.0 = Release|Any CPU
	EndGlobalSection
	GlobalSection(SolutionProperties) = preSolution
		HideSolutionNode = FALSE
	EndGlobalSection
	GlobalSection(ExtensibilityGlobals) = postSolution
		SolutionGuid = {994563AC-E468-4A41-B7DA-3D4CCCBCF1BA}
	EndGlobalSection
EndGlobal
