
Microsoft Visual Studio Solution File, Format Version 12.00
# Visual Studio 15
VisualStudioVersion = 15.0.27703.2026
MinimumVisualStudioVersion = 10.0.40219.1
Project("{FAE04EC0-301F-11D3-BF4B-00C04F79EFBC}") = "Queue", "Queue\Queue.csproj", "{A3BB355D-4565-4157-9CA5-AD7B5A25D4DB}"
EndProject
Project("{FAE04EC0-301F-11D3-BF4B-00C04F79EFBC}") = "Test_Queue", "Test_Queue\Test_Queue.csproj", "{9AA75D55-A1C6-4592-9213-A3BE99B1BC29}"
EndProject
Global
	GlobalSection(SolutionConfigurationPlatforms) = preSolution
		Debug|Any CPU = Debug|Any CPU
		Release|Any CPU = Release|Any CPU
	EndGlobalSection
	GlobalSection(ProjectConfigurationPlatforms) = postSolution
		{A3BB355D-4565-4157-9CA5-AD7B5A25D4DB}.Debug|Any CPU.ActiveCfg = Debug|Any CPU
		{A3BB355D-4565-4157-9CA5-AD7B5A25D4DB}.Debug|Any CPU.Build.0 = Debug|Any CPU
		{A3BB355D-4565-4157-9CA5-AD7B5A25D4DB}.Release|Any CPU.ActiveCfg = Release|Any CPU
		{A3BB355D-4565-4157-9CA5-AD7B5A25D4DB}.Release|Any CPU.Build.0 = Release|Any CPU
		{9AA75D55-A1C6-4592-9213-A3BE99B1BC29}.Debug|Any CPU.ActiveCfg = Debug|Any CPU
		{9AA75D55-A1C6-4592-9213-A3BE99B1BC29}.Debug|Any CPU.Build.0 = Debug|Any CPU
		{9AA75D55-A1C6-4592-9213-A3BE99B1BC29}.Release|Any CPU.ActiveCfg = Release|Any CPU
		{9AA75D55-A1C6-4592-9213-A3BE99B1BC29}.Release|Any CPU.Build.0 = Release|Any CPU
	EndGlobalSection
	GlobalSection(SolutionProperties) = preSolution
		HideSolutionNode = FALSE
	EndGlobalSection
	GlobalSection(ExtensibilityGlobals) = postSolution
		SolutionGuid = {0C96734B-45EC-44FE-B4C5-55D21349B7C2}
	EndGlobalSection
EndGlobal
