
Microsoft Visual Studio Solution File, Format Version 12.00
# Visual Studio 15
VisualStudioVersion = 15.0.27703.2035
MinimumVisualStudioVersion = 10.0.40219.1
Project("{9A19103F-16F7-4668-BE54-9A1E7A4F7556}") = "Tree_Intersection", "Tree_Intersection\Tree_Intersection.csproj", "{BC3C80F4-047D-495A-A3F5-CDB0A92CF851}"
EndProject
Project("{FAE04EC0-301F-11D3-BF4B-00C04F79EFBC}") = "FindIntersectionTests", "FindIntersectionTests\FindIntersectionTests.csproj", "{176A4BAE-D202-4FF3-86CB-0680A4AA06F2}"
EndProject
Global
	GlobalSection(SolutionConfigurationPlatforms) = preSolution
		Debug|Any CPU = Debug|Any CPU
		Release|Any CPU = Release|Any CPU
	EndGlobalSection
	GlobalSection(ProjectConfigurationPlatforms) = postSolution
		{BC3C80F4-047D-495A-A3F5-CDB0A92CF851}.Debug|Any CPU.ActiveCfg = Debug|Any CPU
		{BC3C80F4-047D-495A-A3F5-CDB0A92CF851}.Debug|Any CPU.Build.0 = Debug|Any CPU
		{BC3C80F4-047D-495A-A3F5-CDB0A92CF851}.Release|Any CPU.ActiveCfg = Release|Any CPU
		{BC3C80F4-047D-495A-A3F5-CDB0A92CF851}.Release|Any CPU.Build.0 = Release|Any CPU
		{176A4BAE-D202-4FF3-86CB-0680A4AA06F2}.Debug|Any CPU.ActiveCfg = Debug|Any CPU
		{176A4BAE-D202-4FF3-86CB-0680A4AA06F2}.Debug|Any CPU.Build.0 = Debug|Any CPU
		{176A4BAE-D202-4FF3-86CB-0680A4AA06F2}.Release|Any CPU.ActiveCfg = Release|Any CPU
		{176A4BAE-D202-4FF3-86CB-0680A4AA06F2}.Release|Any CPU.Build.0 = Release|Any CPU
	EndGlobalSection
	GlobalSection(SolutionProperties) = preSolution
		HideSolutionNode = FALSE
	EndGlobalSection
	GlobalSection(ExtensibilityGlobals) = postSolution
		SolutionGuid = {7346B6B2-B3E3-4D18-9525-80DF65AA6A80}
	EndGlobalSection
EndGlobal
