
Microsoft Visual Studio Solution File, Format Version 12.00
# Visual Studio 15
VisualStudioVersion = 15.0.27703.2035
MinimumVisualStudioVersion = 10.0.40219.1
Project("{FAE04EC0-301F-11D3-BF4B-00C04F79EFBC}") = "Multi_Bracket_Validation", "Multi_Bracket_Validation\Multi_Bracket_Validation.csproj", "{321E9668-1A39-47A5-BF95-53ADA322F640}"
EndProject
Project("{FAE04EC0-301F-11D3-BF4B-00C04F79EFBC}") = "BracketTesting", "BracketTesting\BracketTesting.csproj", "{5839B376-FAF4-4CC2-BAB4-44FF894E256C}"
EndProject
Global
	GlobalSection(SolutionConfigurationPlatforms) = preSolution
		Debug|Any CPU = Debug|Any CPU
		Release|Any CPU = Release|Any CPU
	EndGlobalSection
	GlobalSection(ProjectConfigurationPlatforms) = postSolution
		{321E9668-1A39-47A5-BF95-53ADA322F640}.Debug|Any CPU.ActiveCfg = Debug|Any CPU
		{321E9668-1A39-47A5-BF95-53ADA322F640}.Debug|Any CPU.Build.0 = Debug|Any CPU
		{321E9668-1A39-47A5-BF95-53ADA322F640}.Release|Any CPU.ActiveCfg = Release|Any CPU
		{321E9668-1A39-47A5-BF95-53ADA322F640}.Release|Any CPU.Build.0 = Release|Any CPU
		{5839B376-FAF4-4CC2-BAB4-44FF894E256C}.Debug|Any CPU.ActiveCfg = Debug|Any CPU
		{5839B376-FAF4-4CC2-BAB4-44FF894E256C}.Debug|Any CPU.Build.0 = Debug|Any CPU
		{5839B376-FAF4-4CC2-BAB4-44FF894E256C}.Release|Any CPU.ActiveCfg = Release|Any CPU
		{5839B376-FAF4-4CC2-BAB4-44FF894E256C}.Release|Any CPU.Build.0 = Release|Any CPU
	EndGlobalSection
	GlobalSection(SolutionProperties) = preSolution
		HideSolutionNode = FALSE
	EndGlobalSection
	GlobalSection(ExtensibilityGlobals) = postSolution
		SolutionGuid = {1AFE8EE0-2BF6-444E-BDDF-C577FCEEEB20}
	EndGlobalSection
EndGlobal
